// !$*UTF8*$!
{
	archiveVersion = 1;
	classes = {
	};
	objectVersion = 56;
	objects = {

/* Begin PBXBuildFile section */
		AF365E5F2A7AA3C8004E848D /* AppDelegate.swift in Sources */ = {isa = PBXBuildFile; fileRef = AF365E5E2A7AA3C8004E848D /* AppDelegate.swift */; };
		AF365E612A7AA3C8004E848D /* SceneDelegate.swift in Sources */ = {isa = PBXBuildFile; fileRef = AF365E602A7AA3C8004E848D /* SceneDelegate.swift */; };
		AF365E632A7AA3C8004E848D /* MainTabBarViewController.swift in Sources */ = {isa = PBXBuildFile; fileRef = AF365E622A7AA3C8004E848D /* MainTabBarViewController.swift */; };
		AF365E682A7AA3C9004E848D /* Assets.xcassets in Resources */ = {isa = PBXBuildFile; fileRef = AF365E672A7AA3C9004E848D /* Assets.xcassets */; };
		AF365E6B2A7AA3C9004E848D /* LaunchScreen.storyboard in Resources */ = {isa = PBXBuildFile; fileRef = AF365E692A7AA3C9004E848D /* LaunchScreen.storyboard */; };
		AF365E742A7BDD78004E848D /* HomeViewController.swift in Sources */ = {isa = PBXBuildFile; fileRef = AF365E732A7BDD78004E848D /* HomeViewController.swift */; };
		AF365E762A7BDE23004E848D /* UpcomingViewController.swift in Sources */ = {isa = PBXBuildFile; fileRef = AF365E752A7BDE23004E848D /* UpcomingViewController.swift */; };
		AF365E782A7BDE81004E848D /* SearchViewController.swift in Sources */ = {isa = PBXBuildFile; fileRef = AF365E772A7BDE81004E848D /* SearchViewController.swift */; };
		AF365E7A2A7BDEF1004E848D /* DownloadsViewController.swift in Sources */ = {isa = PBXBuildFile; fileRef = AF365E792A7BDEF1004E848D /* DownloadsViewController.swift */; };
		AF365E812A7BEE0B004E848D /* CollectionViewTableViewCell.swift in Sources */ = {isa = PBXBuildFile; fileRef = AF365E802A7BEE0B004E848D /* CollectionViewTableViewCell.swift */; };
		AF365E832A7D396F004E848D /* HeroHeaderUIView.swift in Sources */ = {isa = PBXBuildFile; fileRef = AF365E822A7D396F004E848D /* HeroHeaderUIView.swift */; };
		AF8009B22A827B1200C34AFE /* APICaller.swift in Sources */ = {isa = PBXBuildFile; fileRef = AF8009B12A827B1200C34AFE /* APICaller.swift */; };
		AF8009B42A83C3B100C34AFE /* Title.swift in Sources */ = {isa = PBXBuildFile; fileRef = AF8009B32A83C3B100C34AFE /* Title.swift */; };
		AF8009B62A83CD0200C34AFE /* Extensions.swift in Sources */ = {isa = PBXBuildFile; fileRef = AF8009B52A83CD0200C34AFE /* Extensions.swift */; };
		AF8009BA2A83E10500C34AFE /* TitleCollectionViewCell.swift in Sources */ = {isa = PBXBuildFile; fileRef = AF8009B92A83E10500C34AFE /* TitleCollectionViewCell.swift */; };
		AF8009BD2A851C4400C34AFE /* SDWebImage in Frameworks */ = {isa = PBXBuildFile; productRef = AF8009BC2A851C4400C34AFE /* SDWebImage */; };
		AF8009BF2A851C4400C34AFE /* SDWebImageMapKit in Frameworks */ = {isa = PBXBuildFile; productRef = AF8009BE2A851C4400C34AFE /* SDWebImageMapKit */; };
		AF8009C12A866E5800C34AFE /* TitleTableViewCell.swift in Sources */ = {isa = PBXBuildFile; fileRef = AF8009C02A866E5800C34AFE /* TitleTableViewCell.swift */; };
		AF8009C32A86748500C34AFE /* TitleViewModel.swift in Sources */ = {isa = PBXBuildFile; fileRef = AF8009C22A86748500C34AFE /* TitleViewModel.swift */; };
		AF8009C52A8A761B00C34AFE /* SearchResutViewController.swift in Sources */ = {isa = PBXBuildFile; fileRef = AF8009C42A8A761B00C34AFE /* SearchResutViewController.swift */; };
		AF8009C92A90511000C34AFE /* YoutubeSearchResponse.swift in Sources */ = {isa = PBXBuildFile; fileRef = AF8009C82A90511000C34AFE /* YoutubeSearchResponse.swift */; };
		AF8009CB2A9446AF00C34AFE /* TitlePreviewViewController.swift in Sources */ = {isa = PBXBuildFile; fileRef = AF8009CA2A9446AF00C34AFE /* TitlePreviewViewController.swift */; };
		AF8009CD2A944D7F00C34AFE /* TitlePreviewViewModel.swift in Sources */ = {isa = PBXBuildFile; fileRef = AF8009CC2A944D7F00C34AFE /* TitlePreviewViewModel.swift */; };
		AFA665BB2A9ED54C00FF2DBA /* NetflixCloneModel.xcdatamodeld in Sources */ = {isa = PBXBuildFile; fileRef = AFA665B92A9ED54C00FF2DBA /* NetflixCloneModel.xcdatamodeld */; };
		AFA665BD2AA01FA100FF2DBA /* DataPersistenceManager.swift in Sources */ = {isa = PBXBuildFile; fileRef = AFA665BC2AA01FA100FF2DBA /* DataPersistenceManager.swift */; };
/* End PBXBuildFile section */

/* Begin PBXFileReference section */
		AF365E5B2A7AA3C8004E848D /* Netflix Clone.app */ = {isa = PBXFileReference; explicitFileType = wrapper.application; includeInIndex = 0; path = "Netflix Clone.app"; sourceTree = BUILT_PRODUCTS_DIR; };
		AF365E5E2A7AA3C8004E848D /* AppDelegate.swift */ = {isa = PBXFileReference; lastKnownFileType = sourcecode.swift; path = AppDelegate.swift; sourceTree = "<group>"; };
		AF365E602A7AA3C8004E848D /* SceneDelegate.swift */ = {isa = PBXFileReference; lastKnownFileType = sourcecode.swift; path = SceneDelegate.swift; sourceTree = "<group>"; };
		AF365E622A7AA3C8004E848D /* MainTabBarViewController.swift */ = {isa = PBXFileReference; lastKnownFileType = sourcecode.swift; path = MainTabBarViewController.swift; sourceTree = "<group>"; };
		AF365E672A7AA3C9004E848D /* Assets.xcassets */ = {isa = PBXFileReference; lastKnownFileType = folder.assetcatalog; path = Assets.xcassets; sourceTree = "<group>"; };
		AF365E6A2A7AA3C9004E848D /* Base */ = {isa = PBXFileReference; lastKnownFileType = file.storyboard; name = Base; path = Base.lproj/LaunchScreen.storyboard; sourceTree = "<group>"; };
		AF365E6C2A7AA3C9004E848D /* Info.plist */ = {isa = PBXFileReference; lastKnownFileType = text.plist.xml; path = Info.plist; sourceTree = "<group>"; };
		AF365E732A7BDD78004E848D /* HomeViewController.swift */ = {isa = PBXFileReference; lastKnownFileType = sourcecode.swift; path = HomeViewController.swift; sourceTree = "<group>"; };
		AF365E752A7BDE23004E848D /* UpcomingViewController.swift */ = {isa = PBXFileReference; lastKnownFileType = sourcecode.swift; path = UpcomingViewController.swift; sourceTree = "<group>"; };
		AF365E772A7BDE81004E848D /* SearchViewController.swift */ = {isa = PBXFileReference; lastKnownFileType = sourcecode.swift; path = SearchViewController.swift; sourceTree = "<group>"; };
		AF365E792A7BDEF1004E848D /* DownloadsViewController.swift */ = {isa = PBXFileReference; lastKnownFileType = sourcecode.swift; path = DownloadsViewController.swift; sourceTree = "<group>"; };
		AF365E802A7BEE0B004E848D /* CollectionViewTableViewCell.swift */ = {isa = PBXFileReference; lastKnownFileType = sourcecode.swift; path = CollectionViewTableViewCell.swift; sourceTree = "<group>"; };
		AF365E822A7D396F004E848D /* HeroHeaderUIView.swift */ = {isa = PBXFileReference; lastKnownFileType = sourcecode.swift; path = HeroHeaderUIView.swift; sourceTree = "<group>"; };
		AF8009B12A827B1200C34AFE /* APICaller.swift */ = {isa = PBXFileReference; lastKnownFileType = sourcecode.swift; path = APICaller.swift; sourceTree = "<group>"; };
		AF8009B32A83C3B100C34AFE /* Title.swift */ = {isa = PBXFileReference; lastKnownFileType = sourcecode.swift; path = Title.swift; sourceTree = "<group>"; };
		AF8009B52A83CD0200C34AFE /* Extensions.swift */ = {isa = PBXFileReference; lastKnownFileType = sourcecode.swift; path = Extensions.swift; sourceTree = "<group>"; };
		AF8009B92A83E10500C34AFE /* TitleCollectionViewCell.swift */ = {isa = PBXFileReference; lastKnownFileType = sourcecode.swift; path = TitleCollectionViewCell.swift; sourceTree = "<group>"; };
		AF8009C02A866E5800C34AFE /* TitleTableViewCell.swift */ = {isa = PBXFileReference; lastKnownFileType = sourcecode.swift; path = TitleTableViewCell.swift; sourceTree = "<group>"; };
		AF8009C22A86748500C34AFE /* TitleViewModel.swift */ = {isa = PBXFileReference; lastKnownFileType = sourcecode.swift; path = TitleViewModel.swift; sourceTree = "<group>"; };
		AF8009C42A8A761B00C34AFE /* SearchResutViewController.swift */ = {isa = PBXFileReference; lastKnownFileType = sourcecode.swift; path = SearchResutViewController.swift; sourceTree = "<group>"; };
		AF8009C82A90511000C34AFE /* YoutubeSearchResponse.swift */ = {isa = PBXFileReference; lastKnownFileType = sourcecode.swift; path = YoutubeSearchResponse.swift; sourceTree = "<group>"; };
		AF8009CA2A9446AF00C34AFE /* TitlePreviewViewController.swift */ = {isa = PBXFileReference; lastKnownFileType = sourcecode.swift; path = TitlePreviewViewController.swift; sourceTree = "<group>"; };
		AF8009CC2A944D7F00C34AFE /* TitlePreviewViewModel.swift */ = {isa = PBXFileReference; lastKnownFileType = sourcecode.swift; path = TitlePreviewViewModel.swift; sourceTree = "<group>"; };
		AFA665BA2A9ED54C00FF2DBA /* NetflixCloneModel.xcdatamodel */ = {isa = PBXFileReference; lastKnownFileType = wrapper.xcdatamodel; path = NetflixCloneModel.xcdatamodel; sourceTree = "<group>"; };
		AFA665BC2AA01FA100FF2DBA /* DataPersistenceManager.swift */ = {isa = PBXFileReference; lastKnownFileType = sourcecode.swift; path = DataPersistenceManager.swift; sourceTree = "<group>"; };
/* End PBXFileReference section */

/* Begin PBXFrameworksBuildPhase section */
		AF365E582A7AA3C8004E848D /* Frameworks */ = {
			isa = PBXFrameworksBuildPhase;
			buildActionMask = 2147483647;
			files = (
				AF8009BF2A851C4400C34AFE /* SDWebImageMapKit in Frameworks */,
				AF8009BD2A851C4400C34AFE /* SDWebImage in Frameworks */,
			);
			runOnlyForDeploymentPostprocessing = 0;
		};
/* End PBXFrameworksBuildPhase section */

/* Begin PBXGroup section */
		AF365E522A7AA3C8004E848D = {
			isa = PBXGroup;
			children = (
				AF365E5D2A7AA3C8004E848D /* Netflix Clone */,
				AF365E5C2A7AA3C8004E848D /* Products */,
			);
			sourceTree = "<group>";
		};
		AF365E5C2A7AA3C8004E848D /* Products */ = {
			isa = PBXGroup;
			children = (
				AF365E5B2A7AA3C8004E848D /* Netflix Clone.app */,
			);
			name = Products;
			sourceTree = "<group>";
		};
		AF365E5D2A7AA3C8004E848D /* Netflix Clone */ = {
			isa = PBXGroup;
			children = (
				AF365E7F2A7BED57004E848D /* Managers */,
				AF365E7E2A7BED4D004E848D /* Resources */,
				AF365E7D2A7BED0B004E848D /* Models */,
				AF365E7C2A7BECEE004E848D /* ViewModels */,
				AF365E7B2A7BECDE004E848D /* Views */,
				AF365E722A7BDCFE004E848D /* Controllers */,
				AF365E5E2A7AA3C8004E848D /* AppDelegate.swift */,
				AF365E602A7AA3C8004E848D /* SceneDelegate.swift */,
				AF365E672A7AA3C9004E848D /* Assets.xcassets */,
				AF365E692A7AA3C9004E848D /* LaunchScreen.storyboard */,
				AF365E6C2A7AA3C9004E848D /* Info.plist */,
				AFA665B92A9ED54C00FF2DBA /* NetflixCloneModel.xcdatamodeld */,
			);
			path = "Netflix Clone";
			sourceTree = "<group>";
		};
		AF365E722A7BDCFE004E848D /* Controllers */ = {
			isa = PBXGroup;
			children = (
				AF8009C72A8A796300C34AFE /* General */,
				AF8009C62A8A78BC00C34AFE /* Core */,
			);
			path = Controllers;
			sourceTree = "<group>";
		};
		AF365E7B2A7BECDE004E848D /* Views */ = {
			isa = PBXGroup;
			children = (
				AF365E802A7BEE0B004E848D /* CollectionViewTableViewCell.swift */,
				AF365E822A7D396F004E848D /* HeroHeaderUIView.swift */,
				AF8009B92A83E10500C34AFE /* TitleCollectionViewCell.swift */,
				AF8009C02A866E5800C34AFE /* TitleTableViewCell.swift */,
			);
			path = Views;
			sourceTree = "<group>";
		};
		AF365E7C2A7BECEE004E848D /* ViewModels */ = {
			isa = PBXGroup;
			children = (
				AF8009C22A86748500C34AFE /* TitleViewModel.swift */,
				AF8009CC2A944D7F00C34AFE /* TitlePreviewViewModel.swift */,
			);
			path = ViewModels;
			sourceTree = "<group>";
		};
		AF365E7D2A7BED0B004E848D /* Models */ = {
			isa = PBXGroup;
			children = (
				AF8009B32A83C3B100C34AFE /* Title.swift */,
				AF8009C82A90511000C34AFE /* YoutubeSearchResponse.swift */,
			);
			path = Models;
			sourceTree = "<group>";
		};
		AF365E7E2A7BED4D004E848D /* Resources */ = {
			isa = PBXGroup;
			children = (
				AF8009B52A83CD0200C34AFE /* Extensions.swift */,
			);
			path = Resources;
			sourceTree = "<group>";
		};
		AF365E7F2A7BED57004E848D /* Managers */ = {
			isa = PBXGroup;
			children = (
				AF8009B12A827B1200C34AFE /* APICaller.swift */,
				AFA665BC2AA01FA100FF2DBA /* DataPersistenceManager.swift */,
			);
			path = Managers;
			sourceTree = "<group>";
		};
		AF8009C62A8A78BC00C34AFE /* Core */ = {
			isa = PBXGroup;
			children = (
				AF365E732A7BDD78004E848D /* HomeViewController.swift */,
				AF365E772A7BDE81004E848D /* SearchViewController.swift */,
				AF365E792A7BDEF1004E848D /* DownloadsViewController.swift */,
				AF365E622A7AA3C8004E848D /* MainTabBarViewController.swift */,
				AF365E752A7BDE23004E848D /* UpcomingViewController.swift */,
				AF8009CA2A9446AF00C34AFE /* TitlePreviewViewController.swift */,
			);
			path = Core;
			sourceTree = "<group>";
		};
		AF8009C72A8A796300C34AFE /* General */ = {
			isa = PBXGroup;
			children = (
				AF8009C42A8A761B00C34AFE /* SearchResutViewController.swift */,
			);
			path = General;
			sourceTree = "<group>";
		};
/* End PBXGroup section */

/* Begin PBXNativeTarget section */
		AF365E5A2A7AA3C8004E848D /* Netflix Clone */ = {
			isa = PBXNativeTarget;
			buildConfigurationList = AF365E6F2A7AA3C9004E848D /* Build configuration list for PBXNativeTarget "Netflix Clone" */;
			buildPhases = (
				AF365E572A7AA3C8004E848D /* Sources */,
				AF365E582A7AA3C8004E848D /* Frameworks */,
				AF365E592A7AA3C8004E848D /* Resources */,
			);
			buildRules = (
			);
			dependencies = (
			);
			name = "Netflix Clone";
			packageProductDependencies = (
				AF8009BC2A851C4400C34AFE /* SDWebImage */,
				AF8009BE2A851C4400C34AFE /* SDWebImageMapKit */,
			);
			productName = "Netflix Clone";
			productReference = AF365E5B2A7AA3C8004E848D /* Netflix Clone.app */;
			productType = "com.apple.product-type.application";
		};
/* End PBXNativeTarget section */

/* Begin PBXProject section */
		AF365E532A7AA3C8004E848D /* Project object */ = {
			isa = PBXProject;
			attributes = {
				BuildIndependentTargetsInParallel = 1;
				LastSwiftUpdateCheck = 1420;
				LastUpgradeCheck = 1420;
				TargetAttributes = {
					AF365E5A2A7AA3C8004E848D = {
						CreatedOnToolsVersion = 14.2;
					};
				};
			};
			buildConfigurationList = AF365E562A7AA3C8004E848D /* Build configuration list for PBXProject "Netflix Clone" */;
			compatibilityVersion = "Xcode 14.0";
			developmentRegion = en;
			hasScannedForEncodings = 0;
			knownRegions = (
				en,
				Base,
			);
			mainGroup = AF365E522A7AA3C8004E848D;
			packageReferences = (
				AF8009BB2A851C4400C34AFE /* XCRemoteSwiftPackageReference "SDWebImage" */,
			);
			productRefGroup = AF365E5C2A7AA3C8004E848D /* Products */;
			projectDirPath = "";
			projectRoot = "";
			targets = (
				AF365E5A2A7AA3C8004E848D /* Netflix Clone */,
			);
		};
/* End PBXProject section */

/* Begin PBXResourcesBuildPhase section */
		AF365E592A7AA3C8004E848D /* Resources */ = {
			isa = PBXResourcesBuildPhase;
			buildActionMask = 2147483647;
			files = (
				AF365E6B2A7AA3C9004E848D /* LaunchScreen.storyboard in Resources */,
				AF365E682A7AA3C9004E848D /* Assets.xcassets in Resources */,
			);
			runOnlyForDeploymentPostprocessing = 0;
		};
/* End PBXResourcesBuildPhase section */

/* Begin PBXSourcesBuildPhase section */
		AF365E572A7AA3C8004E848D /* Sources */ = {
			isa = PBXSourcesBuildPhase;
			buildActionMask = 2147483647;
			files = (
				AF8009C12A866E5800C34AFE /* TitleTableViewCell.swift in Sources */,
				AF365E782A7BDE81004E848D /* SearchViewController.swift in Sources */,
				AF8009C52A8A761B00C34AFE /* SearchResutViewController.swift in Sources */,
				AFA665BD2AA01FA100FF2DBA /* DataPersistenceManager.swift in Sources */,
				AF8009BA2A83E10500C34AFE /* TitleCollectionViewCell.swift in Sources */,
				AF365E632A7AA3C8004E848D /* MainTabBarViewController.swift in Sources */,
				AF365E812A7BEE0B004E848D /* CollectionViewTableViewCell.swift in Sources */,
				AFA665BB2A9ED54C00FF2DBA /* NetflixCloneModel.xcdatamodeld in Sources */,
				AF365E832A7D396F004E848D /* HeroHeaderUIView.swift in Sources */,
				AF365E7A2A7BDEF1004E848D /* DownloadsViewController.swift in Sources */,
				AF8009B22A827B1200C34AFE /* APICaller.swift in Sources */,
				AF365E5F2A7AA3C8004E848D /* AppDelegate.swift in Sources */,
				AF8009B62A83CD0200C34AFE /* Extensions.swift in Sources */,
				AF8009C92A90511000C34AFE /* YoutubeSearchResponse.swift in Sources */,
				AF365E612A7AA3C8004E848D /* SceneDelegate.swift in Sources */,
				AF8009CD2A944D7F00C34AFE /* TitlePreviewViewModel.swift in Sources */,
				AF365E762A7BDE23004E848D /* UpcomingViewController.swift in Sources */,
				AF8009CB2A9446AF00C34AFE /* TitlePreviewViewController.swift in Sources */,
				AF8009B42A83C3B100C34AFE /* Title.swift in Sources */,
				AF365E742A7BDD78004E848D /* HomeViewController.swift in Sources */,
				AF8009C32A86748500C34AFE /* TitleViewModel.swift in Sources */,
			);
			runOnlyForDeploymentPostprocessing = 0;
		};
/* End PBXSourcesBuildPhase section */

/* Begin PBXVariantGroup section */
		AF365E692A7AA3C9004E848D /* LaunchScreen.storyboard */ = {
			isa = PBXVariantGroup;
			children = (
				AF365E6A2A7AA3C9004E848D /* Base */,
			);
			name = LaunchScreen.storyboard;
			sourceTree = "<group>";
		};
/* End PBXVariantGroup section */

/* Begin XCBuildConfiguration section */
		AF365E6D2A7AA3C9004E848D /* Debug */ = {
			isa = XCBuildConfiguration;
			buildSettings = {
				ALWAYS_SEARCH_USER_PATHS = NO;
				CLANG_ANALYZER_NONNULL = YES;
				CLANG_ANALYZER_NUMBER_OBJECT_CONVERSION = YES_AGGRESSIVE;
				CLANG_CXX_LANGUAGE_STANDARD = "gnu++20";
				CLANG_ENABLE_MODULES = YES;
				CLANG_ENABLE_OBJC_ARC = YES;
				CLANG_ENABLE_OBJC_WEAK = YES;
				CLANG_WARN_BLOCK_CAPTURE_AUTORELEASING = YES;
				CLANG_WARN_BOOL_CONVERSION = YES;
				CLANG_WARN_COMMA = YES;
				CLANG_WARN_CONSTANT_CONVERSION = YES;
				CLANG_WARN_DEPRECATED_OBJC_IMPLEMENTATIONS = YES;
				CLANG_WARN_DIRECT_OBJC_ISA_USAGE = YES_ERROR;
				CLANG_WARN_DOCUMENTATION_COMMENTS = YES;
				CLANG_WARN_EMPTY_BODY = YES;
				CLANG_WARN_ENUM_CONVERSION = YES;
				CLANG_WARN_INFINITE_RECURSION = YES;
				CLANG_WARN_INT_CONVERSION = YES;
				CLANG_WARN_NON_LITERAL_NULL_CONVERSION = YES;
				CLANG_WARN_OBJC_IMPLICIT_RETAIN_SELF = YES;
				CLANG_WARN_OBJC_LITERAL_CONVERSION = YES;
				CLANG_WARN_OBJC_ROOT_CLASS = YES_ERROR;
				CLANG_WARN_QUOTED_INCLUDE_IN_FRAMEWORK_HEADER = YES;
				CLANG_WARN_RANGE_LOOP_ANALYSIS = YES;
				CLANG_WARN_STRICT_PROTOTYPES = YES;
				CLANG_WARN_SUSPICIOUS_MOVE = YES;
				CLANG_WARN_UNGUARDED_AVAILABILITY = YES_AGGRESSIVE;
				CLANG_WARN_UNREACHABLE_CODE = YES;
				CLANG_WARN__DUPLICATE_METHOD_MATCH = YES;
				COPY_PHASE_STRIP = NO;
				DEBUG_INFORMATION_FORMAT = dwarf;
				ENABLE_STRICT_OBJC_MSGSEND = YES;
				ENABLE_TESTABILITY = YES;
				GCC_C_LANGUAGE_STANDARD = gnu11;
				GCC_DYNAMIC_NO_PIC = NO;
				GCC_NO_COMMON_BLOCKS = YES;
				GCC_OPTIMIZATION_LEVEL = 0;
				GCC_PREPROCESSOR_DEFINITIONS = (
					"DEBUG=1",
					"$(inherited)",
				);
				GCC_WARN_64_TO_32_BIT_CONVERSION = YES;
				GCC_WARN_ABOUT_RETURN_TYPE = YES_ERROR;
				GCC_WARN_UNDECLARED_SELECTOR = YES;
				GCC_WARN_UNINITIALIZED_AUTOS = YES_AGGRESSIVE;
				GCC_WARN_UNUSED_FUNCTION = YES;
				GCC_WARN_UNUSED_VARIABLE = YES;
				IPHONEOS_DEPLOYMENT_TARGET = 16.2;
				MTL_ENABLE_DEBUG_INFO = INCLUDE_SOURCE;
				MTL_FAST_MATH = YES;
				ONLY_ACTIVE_ARCH = YES;
				SDKROOT = iphoneos;
				SWIFT_ACTIVE_COMPILATION_CONDITIONS = DEBUG;
				SWIFT_OPTIMIZATION_LEVEL = "-Onone";
			};
			name = Debug;
		};
		AF365E6E2A7AA3C9004E848D /* Release */ = {
			isa = XCBuildConfiguration;
			buildSettings = {
				ALWAYS_SEARCH_USER_PATHS = NO;
				CLANG_ANALYZER_NONNULL = YES;
				CLANG_ANALYZER_NUMBER_OBJECT_CONVERSION = YES_AGGRESSIVE;
				CLANG_CXX_LANGUAGE_STANDARD = "gnu++20";
				CLANG_ENABLE_MODULES = YES;
				CLANG_ENABLE_OBJC_ARC = YES;
				CLANG_ENABLE_OBJC_WEAK = YES;
				CLANG_WARN_BLOCK_CAPTURE_AUTORELEASING = YES;
				CLANG_WARN_BOOL_CONVERSION = YES;
				CLANG_WARN_COMMA = YES;
				CLANG_WARN_CONSTANT_CONVERSION = YES;
				CLANG_WARN_DEPRECATED_OBJC_IMPLEMENTATIONS = YES;
				CLANG_WARN_DIRECT_OBJC_ISA_USAGE = YES_ERROR;
				CLANG_WARN_DOCUMENTATION_COMMENTS = YES;
				CLANG_WARN_EMPTY_BODY = YES;
				CLANG_WARN_ENUM_CONVERSION = YES;
				CLANG_WARN_INFINITE_RECURSION = YES;
				CLANG_WARN_INT_CONVERSION = YES;
				CLANG_WARN_NON_LITERAL_NULL_CONVERSION = YES;
				CLANG_WARN_OBJC_IMPLICIT_RETAIN_SELF = YES;
				CLANG_WARN_OBJC_LITERAL_CONVERSION = YES;
				CLANG_WARN_OBJC_ROOT_CLASS = YES_ERROR;
				CLANG_WARN_QUOTED_INCLUDE_IN_FRAMEWORK_HEADER = YES;
				CLANG_WARN_RANGE_LOOP_ANALYSIS = YES;
				CLANG_WARN_STRICT_PROTOTYPES = YES;
				CLANG_WARN_SUSPICIOUS_MOVE = YES;
				CLANG_WARN_UNGUARDED_AVAILABILITY = YES_AGGRESSIVE;
				CLANG_WARN_UNREACHABLE_CODE = YES;
				CLANG_WARN__DUPLICATE_METHOD_MATCH = YES;
				COPY_PHASE_STRIP = NO;
				DEBUG_INFORMATION_FORMAT = "dwarf-with-dsym";
				ENABLE_NS_ASSERTIONS = NO;
				ENABLE_STRICT_OBJC_MSGSEND = YES;
				GCC_C_LANGUAGE_STANDARD = gnu11;
				GCC_NO_COMMON_BLOCKS = YES;
				GCC_WARN_64_TO_32_BIT_CONVERSION = YES;
				GCC_WARN_ABOUT_RETURN_TYPE = YES_ERROR;
				GCC_WARN_UNDECLARED_SELECTOR = YES;
				GCC_WARN_UNINITIALIZED_AUTOS = YES_AGGRESSIVE;
				GCC_WARN_UNUSED_FUNCTION = YES;
				GCC_WARN_UNUSED_VARIABLE = YES;
				IPHONEOS_DEPLOYMENT_TARGET = 16.2;
				MTL_ENABLE_DEBUG_INFO = NO;
				MTL_FAST_MATH = YES;
				SDKROOT = iphoneos;
				SWIFT_COMPILATION_MODE = wholemodule;
				SWIFT_OPTIMIZATION_LEVEL = "-O";
				VALIDATE_PRODUCT = YES;
			};
			name = Release;
		};
		AF365E702A7AA3C9004E848D /* Debug */ = {
			isa = XCBuildConfiguration;
			buildSettings = {
				ASSETCATALOG_COMPILER_APPICON_NAME = AppIcon;
				ASSETCATALOG_COMPILER_GLOBAL_ACCENT_COLOR_NAME = AccentColor;
				CODE_SIGN_STYLE = Automatic;
				CURRENT_PROJECT_VERSION = 1;
				DEVELOPMENT_TEAM = W22SS2R9B4;
				GENERATE_INFOPLIST_FILE = YES;
				INFOPLIST_FILE = "Netflix Clone/Info.plist";
				INFOPLIST_KEY_UIApplicationSupportsIndirectInputEvents = YES;
				INFOPLIST_KEY_UILaunchStoryboardName = LaunchScreen;
				INFOPLIST_KEY_UISupportedInterfaceOrientations_iPad = "UIInterfaceOrientationPortrait UIInterfaceOrientationPortraitUpsideDown UIInterfaceOrientationLandscapeLeft UIInterfaceOrientationLandscapeRight";
				INFOPLIST_KEY_UISupportedInterfaceOrientations_iPhone = "UIInterfaceOrientationPortrait UIInterfaceOrientationLandscapeLeft UIInterfaceOrientationLandscapeRight";
				LD_RUNPATH_SEARCH_PATHS = (
					"$(inherited)",
					"@executable_path/Frameworks",
				);
				MARKETING_VERSION = 1.0;
				PRODUCT_BUNDLE_IDENTIFIER = "-stverse.Netflix-Clone";
				PRODUCT_NAME = "$(TARGET_NAME)";
				SWIFT_EMIT_LOC_STRINGS = YES;
				SWIFT_VERSION = 5.0;
				TARGETED_DEVICE_FAMILY = "1,2";
			};
			name = Debug;
		};
		AF365E712A7AA3C9004E848D /* Release */ = {
			isa = XCBuildConfiguration;
			buildSettings = {
				ASSETCATALOG_COMPILER_APPICON_NAME = AppIcon;
				ASSETCATALOG_COMPILER_GLOBAL_ACCENT_COLOR_NAME = AccentColor;
				CODE_SIGN_STYLE = Automatic;
				CURRENT_PROJECT_VERSION = 1;
				DEVELOPMENT_TEAM = W22SS2R9B4;
				GENERATE_INFOPLIST_FILE = YES;
				INFOPLIST_FILE = "Netflix Clone/Info.plist";
				INFOPLIST_KEY_UIApplicationSupportsIndirectInputEvents = YES;
				INFOPLIST_KEY_UILaunchStoryboardName = LaunchScreen;
				INFOPLIST_KEY_UISupportedInterfaceOrientations_iPad = "UIInterfaceOrientationPortrait UIInterfaceOrientationPortraitUpsideDown UIInterfaceOrientationLandscapeLeft UIInterfaceOrientationLandscapeRight";
				INFOPLIST_KEY_UISupportedInterfaceOrientations_iPhone = "UIInterfaceOrientationPortrait UIInterfaceOrientationLandscapeLeft UIInterfaceOrientationLandscapeRight";
				LD_RUNPATH_SEARCH_PATHS = (
					"$(inherited)",
					"@executable_path/Frameworks",
				);
				MARKETING_VERSION = 1.0;
				PRODUCT_BUNDLE_IDENTIFIER = "-stverse.Netflix-Clone";
				PRODUCT_NAME = "$(TARGET_NAME)";
				SWIFT_EMIT_LOC_STRINGS = YES;
				SWIFT_VERSION = 5.0;
				TARGETED_DEVICE_FAMILY = "1,2";
			};
			name = Release;
		};
/* End XCBuildConfiguration section */

/* Begin XCConfigurationList section */
		AF365E562A7AA3C8004E848D /* Build configuration list for PBXProject "Netflix Clone" */ = {
			isa = XCConfigurationList;
			buildConfigurations = (
				AF365E6D2A7AA3C9004E848D /* Debug */,
				AF365E6E2A7AA3C9004E848D /* Release */,
			);
			defaultConfigurationIsVisible = 0;
			defaultConfigurationName = Release;
		};
		AF365E6F2A7AA3C9004E848D /* Build configuration list for PBXNativeTarget "Netflix Clone" */ = {
			isa = XCConfigurationList;
			buildConfigurations = (
				AF365E702A7AA3C9004E848D /* Debug */,
				AF365E712A7AA3C9004E848D /* Release */,
			);
			defaultConfigurationIsVisible = 0;
			defaultConfigurationName = Release;
		};
/* End XCConfigurationList section */

/* Begin XCRemoteSwiftPackageReference section */
		AF8009BB2A851C4400C34AFE /* XCRemoteSwiftPackageReference "SDWebImage" */ = {
			isa = XCRemoteSwiftPackageReference;
			repositoryURL = "https://github.com/SDWebImage/SDWebImage.git";
			requirement = {
				kind = upToNextMajorVersion;
				minimumVersion = 5.0.0;
			};
		};
/* End XCRemoteSwiftPackageReference section */

/* Begin XCSwiftPackageProductDependency section */
		AF8009BC2A851C4400C34AFE /* SDWebImage */ = {
			isa = XCSwiftPackageProductDependency;
			package = AF8009BB2A851C4400C34AFE /* XCRemoteSwiftPackageReference "SDWebImage" */;
			productName = SDWebImage;
		};
		AF8009BE2A851C4400C34AFE /* SDWebImageMapKit */ = {
			isa = XCSwiftPackageProductDependency;
			package = AF8009BB2A851C4400C34AFE /* XCRemoteSwiftPackageReference "SDWebImage" */;
			productName = SDWebImageMapKit;
		};
/* End XCSwiftPackageProductDependency section */

/* Begin XCVersionGroup section */
		AFA665B92A9ED54C00FF2DBA /* NetflixCloneModel.xcdatamodeld */ = {
			isa = XCVersionGroup;
			children = (
				AFA665BA2A9ED54C00FF2DBA /* NetflixCloneModel.xcdatamodel */,
			);
			currentVersion = AFA665BA2A9ED54C00FF2DBA /* NetflixCloneModel.xcdatamodel */;
			path = NetflixCloneModel.xcdatamodeld;
			sourceTree = "<group>";
			versionGroupType = wrapper.xcdatamodel;
		};
/* End XCVersionGroup section */
	};
	rootObject = AF365E532A7AA3C8004E848D /* Project object */;
}
